
Microsoft Visual Studio Solution File, Format Version 12.00
# Visual Studio Version 16
VisualStudioVersion = 16.0.30717.126
MinimumVisualStudioVersion = 10.0.40219.1
Project("{FAE04EC0-301F-11D3-BF4B-00C04F79EFBC}") = "MyBoardGameRepo", "MyBoardGameRepo\MyBoardGameRepo.csproj", "{6726B266-00D5-4DD4-A5A1-543D82A6C155}"
EndProject
Global
	GlobalSection(SolutionConfigurationPlatforms) = preSolution
		Debug|Any CPU = Debug|Any CPU
		Release|Any CPU = Release|Any CPU
	EndGlobalSection
	GlobalSection(ProjectConfigurationPlatforms) = postSolution
		{6726B266-00D5-4DD4-A5A1-543D82A6C155}.Debug|Any CPU.ActiveCfg = Debug|Any CPU
		{6726B266-00D5-4DD4-A5A1-543D82A6C155}.Debug|Any CPU.Build.0 = Debug|Any CPU
		{6726B266-00D5-4DD4-A5A1-543D82A6C155}.Release|Any CPU.ActiveCfg = Release|Any CPU
		{6726B266-00D5-4DD4-A5A1-543D82A6C155}.Release|Any CPU.Build.0 = Release|Any CPU
	EndGlobalSection
	GlobalSection(SolutionProperties) = preSolution
		HideSolutionNode = FALSE
	EndGlobalSection
	GlobalSection(ExtensibilityGlobals) = postSolution
		SolutionGuid = {9955D5DD-3D9D-4527-9D2E-258D1A557FD2}
	EndGlobalSection
EndGlobal
